
Microsoft Visual Studio Solution File, Format Version 12.00
# Visual Studio 14
VisualStudioVersion = 14.0.25420.1
MinimumVisualStudioVersion = 10.0.40219.1
Project("{8BC9CEB8-8B4A-11D0-8D11-00A0C91BC942}") = "Number", "Number\Number.vcxproj", "{D591E9BB-72C5-435E-BA36-ACE3BE6F075A}"
EndProject
Project("{8BC9CEB8-8B4A-11D0-8D11-00A0C91BC942}") = "UnitTestForNumber", "UnitTestForInteger\UnitTestForInteger.vcxproj", "{AFC125AC-F5D6-4E07-9A8D-AC4D27B71A15}"
	ProjectSection(ProjectDependencies) = postProject
		{D591E9BB-72C5-435E-BA36-ACE3BE6F075A} = {D591E9BB-72C5-435E-BA36-ACE3BE6F075A}
	EndProjectSection
EndProject
Project("{8BC9CEB8-8B4A-11D0-8D11-00A0C91BC942}") = "sunzidingli", "sunzidingli\sunzidingli.vcxproj", "{6BAE9E9E-31A5-47AD-B579-17EFB71434DA}"
	ProjectSection(ProjectDependencies) = postProject
		{D591E9BB-72C5-435E-BA36-ACE3BE6F075A} = {D591E9BB-72C5-435E-BA36-ACE3BE6F075A}
	EndProjectSection
EndProject
Project("{8BC9CEB8-8B4A-11D0-8D11-00A0C91BC942}") = "Test", "Test\Test.vcxproj", "{EAD8ECCE-C1C4-4CD5-8F17-FA2EB53367BD}"
	ProjectSection(ProjectDependencies) = postProject
		{D591E9BB-72C5-435E-BA36-ACE3BE6F075A} = {D591E9BB-72C5-435E-BA36-ACE3BE6F075A}
	EndProjectSection
EndProject
Global
	GlobalSection(Performance) = preSolution
		HasPerformanceSessions = true
	EndGlobalSection
	GlobalSection(SolutionConfigurationPlatforms) = preSolution
		Debug|x64 = Debug|x64
		Debug|x86 = Debug|x86
		Release|x64 = Release|x64
		Release|x86 = Release|x86
	EndGlobalSection
	GlobalSection(ProjectConfigurationPlatforms) = postSolution
		{D591E9BB-72C5-435E-BA36-ACE3BE6F075A}.Debug|x64.ActiveCfg = Debug|x64
		{D591E9BB-72C5-435E-BA36-ACE3BE6F075A}.Debug|x64.Build.0 = Debug|x64
		{D591E9BB-72C5-435E-BA36-ACE3BE6F075A}.Debug|x86.ActiveCfg = Debug|Win32
		{D591E9BB-72C5-435E-BA36-ACE3BE6F075A}.Debug|x86.Build.0 = Debug|Win32
		{D591E9BB-72C5-435E-BA36-ACE3BE6F075A}.Release|x64.ActiveCfg = Release|x64
		{D591E9BB-72C5-435E-BA36-ACE3BE6F075A}.Release|x64.Build.0 = Release|x64
		{D591E9BB-72C5-435E-BA36-ACE3BE6F075A}.Release|x86.ActiveCfg = Release|Win32
		{D591E9BB-72C5-435E-BA36-ACE3BE6F075A}.Release|x86.Build.0 = Release|Win32
		{AFC125AC-F5D6-4E07-9A8D-AC4D27B71A15}.Debug|x64.ActiveCfg = Debug|x64
		{AFC125AC-F5D6-4E07-9A8D-AC4D27B71A15}.Debug|x64.Build.0 = Debug|x64
		{AFC125AC-F5D6-4E07-9A8D-AC4D27B71A15}.Debug|x86.ActiveCfg = Debug|Win32
		{AFC125AC-F5D6-4E07-9A8D-AC4D27B71A15}.Debug|x86.Build.0 = Debug|Win32
		{AFC125AC-F5D6-4E07-9A8D-AC4D27B71A15}.Release|x64.ActiveCfg = Release|x64
		{AFC125AC-F5D6-4E07-9A8D-AC4D27B71A15}.Release|x64.Build.0 = Release|x64
		{AFC125AC-F5D6-4E07-9A8D-AC4D27B71A15}.Release|x86.ActiveCfg = Release|Win32
		{AFC125AC-F5D6-4E07-9A8D-AC4D27B71A15}.Release|x86.Build.0 = Release|Win32
		{6BAE9E9E-31A5-47AD-B579-17EFB71434DA}.Debug|x64.ActiveCfg = Debug|x64
		{6BAE9E9E-31A5-47AD-B579-17EFB71434DA}.Debug|x64.Build.0 = Debug|x64
		{6BAE9E9E-31A5-47AD-B579-17EFB71434DA}.Debug|x86.ActiveCfg = Debug|Win32
		{6BAE9E9E-31A5-47AD-B579-17EFB71434DA}.Debug|x86.Build.0 = Debug|Win32
		{6BAE9E9E-31A5-47AD-B579-17EFB71434DA}.Release|x64.ActiveCfg = Release|x64
		{6BAE9E9E-31A5-47AD-B579-17EFB71434DA}.Release|x64.Build.0 = Release|x64
		{6BAE9E9E-31A5-47AD-B579-17EFB71434DA}.Release|x86.ActiveCfg = Release|Win32
		{6BAE9E9E-31A5-47AD-B579-17EFB71434DA}.Release|x86.Build.0 = Release|Win32
		{EAD8ECCE-C1C4-4CD5-8F17-FA2EB53367BD}.Debug|x64.ActiveCfg = Debug|x64
		{EAD8ECCE-C1C4-4CD5-8F17-FA2EB53367BD}.Debug|x64.Build.0 = Debug|x64
		{EAD8ECCE-C1C4-4CD5-8F17-FA2EB53367BD}.Debug|x86.ActiveCfg = Debug|Win32
		{EAD8ECCE-C1C4-4CD5-8F17-FA2EB53367BD}.Debug|x86.Build.0 = Debug|Win32
		{EAD8ECCE-C1C4-4CD5-8F17-FA2EB53367BD}.Release|x64.ActiveCfg = Release|x64
		{EAD8ECCE-C1C4-4CD5-8F17-FA2EB53367BD}.Release|x64.Build.0 = Release|x64
		{EAD8ECCE-C1C4-4CD5-8F17-FA2EB53367BD}.Release|x86.ActiveCfg = Release|Win32
		{EAD8ECCE-C1C4-4CD5-8F17-FA2EB53367BD}.Release|x86.Build.0 = Release|Win32
	EndGlobalSection
	GlobalSection(SolutionProperties) = preSolution
		HideSolutionNode = FALSE
	EndGlobalSection
EndGlobal
